
Microsoft Visual Studio Solution File, Format Version 12.00
# Visual Studio 2013
VisualStudioVersion = 12.0.21005.1
MinimumVisualStudioVersion = 10.0.40219.1
Project("{FAE04EC0-301F-11D3-BF4B-00C04F79EFBC}") = "WebApplication1", "WebApplication1\WebApplication1.csproj", "{A3DFB0BE-705C-412D-BE02-11A715B414A5}"
EndProject
Project("{2150E333-8FDC-42A3-9474-1A3956D46DE8}") = ".nuget", ".nuget", "{C619B8D3-33C9-4B8E-BF76-6448E9731FCC}"
	ProjectSection(SolutionItems) = preProject
		.nuget\NuGet.Config = .nuget\NuGet.Config
		.nuget\NuGet.exe = .nuget\NuGet.exe
		.nuget\NuGet.targets = .nuget\NuGet.targets
	EndProjectSection
EndProject
Global
	GlobalSection(SolutionConfigurationPlatforms) = preSolution
		Debug|Any CPU = Debug|Any CPU
		Release|Any CPU = Release|Any CPU
	EndGlobalSection
	GlobalSection(ProjectConfigurationPlatforms) = postSolution
		{A3DFB0BE-705C-412D-BE02-11A715B414A5}.Debug|Any CPU.ActiveCfg = Debug|Any CPU
		{A3DFB0BE-705C-412D-BE02-11A715B414A5}.Debug|Any CPU.Build.0 = Debug|Any CPU
		{A3DFB0BE-705C-412D-BE02-11A715B414A5}.Release|Any CPU.ActiveCfg = Release|Any CPU
		{A3DFB0BE-705C-412D-BE02-11A715B414A5}.Release|Any CPU.Build.0 = Release|Any CPU
	EndGlobalSection
	GlobalSection(SolutionProperties) = preSolution
		HideSolutionNode = FALSE
	EndGlobalSection
EndGlobal
