
Microsoft Visual Studio Solution File, Format Version 12.00
# Visual Studio 2013
VisualStudioVersion = 12.0.21005.1
MinimumVisualStudioVersion = 10.0.40219.1
Project("{FAE04EC0-301F-11D3-BF4B-00C04F79EFBC}") = "MvcApplication1", "MvcApplication1\MvcApplication1.csproj", "{CD7231F5-A753-4739-A241-1D8BDDD9DB64}"
EndProject
Project("{2150E333-8FDC-42A3-9474-1A3956D46DE8}") = ".nuget", ".nuget", "{27F3AF86-676D-446E-B64E-8E133407BAD0}"
	ProjectSection(SolutionItems) = preProject
		.nuget\NuGet.Config = .nuget\NuGet.Config
		.nuget\NuGet.exe = .nuget\NuGet.exe
		.nuget\NuGet.targets = .nuget\NuGet.targets
	EndProjectSection
EndProject
Global
	GlobalSection(SolutionConfigurationPlatforms) = preSolution
		Debug|Any CPU = Debug|Any CPU
		Release|Any CPU = Release|Any CPU
	EndGlobalSection
	GlobalSection(ProjectConfigurationPlatforms) = postSolution
		{CD7231F5-A753-4739-A241-1D8BDDD9DB64}.Debug|Any CPU.ActiveCfg = Debug|Any CPU
		{CD7231F5-A753-4739-A241-1D8BDDD9DB64}.Debug|Any CPU.Build.0 = Debug|Any CPU
		{CD7231F5-A753-4739-A241-1D8BDDD9DB64}.Release|Any CPU.ActiveCfg = Release|Any CPU
		{CD7231F5-A753-4739-A241-1D8BDDD9DB64}.Release|Any CPU.Build.0 = Release|Any CPU
	EndGlobalSection
	GlobalSection(SolutionProperties) = preSolution
		HideSolutionNode = FALSE
	EndGlobalSection
EndGlobal
