
Microsoft Visual Studio Solution File, Format Version 12.00
# Visual Studio 2012
Project("{FAE04EC0-301F-11D3-BF4B-00C04F79EFBC}") = "TipCalc.Core", "TipCalc.Core\TipCalc.Core.csproj", "{DFED69F1-D4F4-4776-A6A3-99D15697D058}"
EndProject
Project("{FAE04EC0-301F-11D3-BF4B-00C04F79EFBC}") = "TipCalc.Android", "TipCalc.Android\TipCalc.Android.csproj", "{6B420939-11E2-4270-A760-8BD11D19ED2E}"
EndProject
Project("{FAE04EC0-301F-11D3-BF4B-00C04F79EFBC}") = "TipCalc.iOS", "TipCalc.iOS\TipCalc.iOS.csproj", "{53AA30EC-20A4-4CE6-B7F2-EF3DBC6D8CBD}"
EndProject
Project("{FAE04EC0-301F-11D3-BF4B-00C04F79EFBC}") = "TipCalc.Core.Tests", "TipCalc.Core.Tests\TipCalc.Core.Tests.csproj", "{CD230C0F-6586-4807-BFB1-8458FF6BB4BA}"
EndProject
Global
	GlobalSection(SolutionConfigurationPlatforms) = preSolution
		Debug|Any CPU = Debug|Any CPU
		Release|Any CPU = Release|Any CPU
		Debug|iPhoneSimulator = Debug|iPhoneSimulator
		Release|iPhoneSimulator = Release|iPhoneSimulator
		Debug|iPhone = Debug|iPhone
		Release|iPhone = Release|iPhone
		Ad-Hoc|iPhone = Ad-Hoc|iPhone
		AppStore|iPhone = AppStore|iPhone
	EndGlobalSection
	GlobalSection(ProjectConfigurationPlatforms) = postSolution
		{53AA30EC-20A4-4CE6-B7F2-EF3DBC6D8CBD}.Ad-Hoc|iPhone.ActiveCfg = Ad-Hoc|iPhone
		{53AA30EC-20A4-4CE6-B7F2-EF3DBC6D8CBD}.Ad-Hoc|iPhone.Build.0 = Ad-Hoc|iPhone
		{53AA30EC-20A4-4CE6-B7F2-EF3DBC6D8CBD}.AppStore|iPhone.ActiveCfg = AppStore|iPhone
		{53AA30EC-20A4-4CE6-B7F2-EF3DBC6D8CBD}.AppStore|iPhone.Build.0 = AppStore|iPhone
		{53AA30EC-20A4-4CE6-B7F2-EF3DBC6D8CBD}.Debug|Any CPU.ActiveCfg = Debug|iPhoneSimulator
		{53AA30EC-20A4-4CE6-B7F2-EF3DBC6D8CBD}.Debug|Any CPU.Build.0 = Debug|iPhoneSimulator
		{53AA30EC-20A4-4CE6-B7F2-EF3DBC6D8CBD}.Debug|iPhone.ActiveCfg = Debug|iPhone
		{53AA30EC-20A4-4CE6-B7F2-EF3DBC6D8CBD}.Debug|iPhone.Build.0 = Debug|iPhone
		{53AA30EC-20A4-4CE6-B7F2-EF3DBC6D8CBD}.Debug|iPhoneSimulator.ActiveCfg = Debug|iPhoneSimulator
		{53AA30EC-20A4-4CE6-B7F2-EF3DBC6D8CBD}.Debug|iPhoneSimulator.Build.0 = Debug|iPhoneSimulator
		{53AA30EC-20A4-4CE6-B7F2-EF3DBC6D8CBD}.Release|Any CPU.ActiveCfg = Release|iPhoneSimulator
		{53AA30EC-20A4-4CE6-B7F2-EF3DBC6D8CBD}.Release|Any CPU.Build.0 = Release|iPhoneSimulator
		{53AA30EC-20A4-4CE6-B7F2-EF3DBC6D8CBD}.Release|iPhone.ActiveCfg = Release|iPhone
		{53AA30EC-20A4-4CE6-B7F2-EF3DBC6D8CBD}.Release|iPhone.Build.0 = Release|iPhone
		{53AA30EC-20A4-4CE6-B7F2-EF3DBC6D8CBD}.Release|iPhoneSimulator.ActiveCfg = Release|iPhoneSimulator
		{53AA30EC-20A4-4CE6-B7F2-EF3DBC6D8CBD}.Release|iPhoneSimulator.Build.0 = Release|iPhoneSimulator
		{6B420939-11E2-4270-A760-8BD11D19ED2E}.Ad-Hoc|iPhone.ActiveCfg = Debug|Any CPU
		{6B420939-11E2-4270-A760-8BD11D19ED2E}.Ad-Hoc|iPhone.Build.0 = Debug|Any CPU
		{6B420939-11E2-4270-A760-8BD11D19ED2E}.AppStore|iPhone.ActiveCfg = Debug|Any CPU
		{6B420939-11E2-4270-A760-8BD11D19ED2E}.AppStore|iPhone.Build.0 = Debug|Any CPU
		{6B420939-11E2-4270-A760-8BD11D19ED2E}.Debug|Any CPU.ActiveCfg = Debug|Any CPU
		{6B420939-11E2-4270-A760-8BD11D19ED2E}.Debug|Any CPU.Build.0 = Debug|Any CPU
		{6B420939-11E2-4270-A760-8BD11D19ED2E}.Debug|iPhone.ActiveCfg = Debug|Any CPU
		{6B420939-11E2-4270-A760-8BD11D19ED2E}.Debug|iPhone.Build.0 = Debug|Any CPU
		{6B420939-11E2-4270-A760-8BD11D19ED2E}.Debug|iPhoneSimulator.ActiveCfg = Debug|Any CPU
		{6B420939-11E2-4270-A760-8BD11D19ED2E}.Debug|iPhoneSimulator.Build.0 = Debug|Any CPU
		{6B420939-11E2-4270-A760-8BD11D19ED2E}.Release|Any CPU.ActiveCfg = Release|Any CPU
		{6B420939-11E2-4270-A760-8BD11D19ED2E}.Release|Any CPU.Build.0 = Release|Any CPU
		{6B420939-11E2-4270-A760-8BD11D19ED2E}.Release|iPhone.ActiveCfg = Release|Any CPU
		{6B420939-11E2-4270-A760-8BD11D19ED2E}.Release|iPhone.Build.0 = Release|Any CPU
		{6B420939-11E2-4270-A760-8BD11D19ED2E}.Release|iPhoneSimulator.ActiveCfg = Release|Any CPU
		{6B420939-11E2-4270-A760-8BD11D19ED2E}.Release|iPhoneSimulator.Build.0 = Release|Any CPU
		{CD230C0F-6586-4807-BFB1-8458FF6BB4BA}.Ad-Hoc|iPhone.ActiveCfg = Release|Any CPU
		{CD230C0F-6586-4807-BFB1-8458FF6BB4BA}.Ad-Hoc|iPhone.Build.0 = Release|Any CPU
		{CD230C0F-6586-4807-BFB1-8458FF6BB4BA}.AppStore|iPhone.ActiveCfg = Release|Any CPU
		{CD230C0F-6586-4807-BFB1-8458FF6BB4BA}.AppStore|iPhone.Build.0 = Release|Any CPU
		{CD230C0F-6586-4807-BFB1-8458FF6BB4BA}.Debug|Any CPU.ActiveCfg = Debug|Any CPU
		{CD230C0F-6586-4807-BFB1-8458FF6BB4BA}.Debug|Any CPU.Build.0 = Debug|Any CPU
		{CD230C0F-6586-4807-BFB1-8458FF6BB4BA}.Debug|iPhone.ActiveCfg = Debug|Any CPU
		{CD230C0F-6586-4807-BFB1-8458FF6BB4BA}.Debug|iPhone.Build.0 = Debug|Any CPU
		{CD230C0F-6586-4807-BFB1-8458FF6BB4BA}.Debug|iPhoneSimulator.ActiveCfg = Debug|Any CPU
		{CD230C0F-6586-4807-BFB1-8458FF6BB4BA}.Debug|iPhoneSimulator.Build.0 = Debug|Any CPU
		{CD230C0F-6586-4807-BFB1-8458FF6BB4BA}.Release|Any CPU.ActiveCfg = Release|Any CPU
		{CD230C0F-6586-4807-BFB1-8458FF6BB4BA}.Release|Any CPU.Build.0 = Release|Any CPU
		{CD230C0F-6586-4807-BFB1-8458FF6BB4BA}.Release|iPhone.ActiveCfg = Release|Any CPU
		{CD230C0F-6586-4807-BFB1-8458FF6BB4BA}.Release|iPhone.Build.0 = Release|Any CPU
		{CD230C0F-6586-4807-BFB1-8458FF6BB4BA}.Release|iPhoneSimulator.ActiveCfg = Release|Any CPU
		{CD230C0F-6586-4807-BFB1-8458FF6BB4BA}.Release|iPhoneSimulator.Build.0 = Release|Any CPU
		{DFED69F1-D4F4-4776-A6A3-99D15697D058}.Ad-Hoc|iPhone.ActiveCfg = Debug|Any CPU
		{DFED69F1-D4F4-4776-A6A3-99D15697D058}.Ad-Hoc|iPhone.Build.0 = Debug|Any CPU
		{DFED69F1-D4F4-4776-A6A3-99D15697D058}.AppStore|iPhone.ActiveCfg = Debug|Any CPU
		{DFED69F1-D4F4-4776-A6A3-99D15697D058}.AppStore|iPhone.Build.0 = Debug|Any CPU
		{DFED69F1-D4F4-4776-A6A3-99D15697D058}.Debug|Any CPU.ActiveCfg = Debug|Any CPU
		{DFED69F1-D4F4-4776-A6A3-99D15697D058}.Debug|Any CPU.Build.0 = Debug|Any CPU
		{DFED69F1-D4F4-4776-A6A3-99D15697D058}.Debug|iPhone.ActiveCfg = Debug|Any CPU
		{DFED69F1-D4F4-4776-A6A3-99D15697D058}.Debug|iPhone.Build.0 = Debug|Any CPU
		{DFED69F1-D4F4-4776-A6A3-99D15697D058}.Debug|iPhoneSimulator.ActiveCfg = Debug|Any CPU
		{DFED69F1-D4F4-4776-A6A3-99D15697D058}.Debug|iPhoneSimulator.Build.0 = Debug|Any CPU
		{DFED69F1-D4F4-4776-A6A3-99D15697D058}.Release|Any CPU.ActiveCfg = Release|Any CPU
		{DFED69F1-D4F4-4776-A6A3-99D15697D058}.Release|Any CPU.Build.0 = Release|Any CPU
		{DFED69F1-D4F4-4776-A6A3-99D15697D058}.Release|iPhone.ActiveCfg = Release|Any CPU
		{DFED69F1-D4F4-4776-A6A3-99D15697D058}.Release|iPhone.Build.0 = Release|Any CPU
		{DFED69F1-D4F4-4776-A6A3-99D15697D058}.Release|iPhoneSimulator.ActiveCfg = Release|Any CPU
		{DFED69F1-D4F4-4776-A6A3-99D15697D058}.Release|iPhoneSimulator.Build.0 = Release|Any CPU
	EndGlobalSection
EndGlobal
